// !$*UTF8*$!
{
	archiveVersion = 1;
	classes = {
	};
	objectVersion = 48;
	objects = {

/* Begin PBXBuildFile section */
		1023C18E2140C51F00DF2303 /* AppDelegate.m in Sources */ = {isa = PBXBuildFile; fileRef = 1023C18D2140C51F00DF2303 /* AppDelegate.m */; };
		1023C1912140C51F00DF2303 /* ViewController.m in Sources */ = {isa = PBXBuildFile; fileRef = 1023C1902140C51F00DF2303 /* ViewController.m */; };
		1023C1942140C51F00DF2303 /* Main.storyboard in Resources */ = {isa = PBXBuildFile; fileRef = 1023C1922140C51F00DF2303 /* Main.storyboard */; };
		1023C1962140C51F00DF2303 /* Assets.xcassets in Resources */ = {isa = PBXBuildFile; fileRef = 1023C1952140C51F00DF2303 /* Assets.xcassets */; };
		1023C1992140C51F00DF2303 /* LaunchScreen.storyboard in Resources */ = {isa = PBXBuildFile; fileRef = 1023C1972140C51F00DF2303 /* LaunchScreen.storyboard */; };
		1023C19C2140C51F00DF2303 /* main.m in Sources */ = {isa = PBXBuildFile; fileRef = 1023C19B2140C51F00DF2303 /* main.m */; };
		1023C1A62140C51F00DF2303 /* TestNavigationTransitionTests.m in Sources */ = {isa = PBXBuildFile; fileRef = 1023C1A52140C51F00DF2303 /* TestNavigationTransitionTests.m */; };
		1023C1B12140C51F00DF2303 /* TestNavigationTransitionUITests.m in Sources */ = {isa = PBXBuildFile; fileRef = 1023C1B02140C51F00DF2303 /* TestNavigationTransitionUITests.m */; };
		1023C1C02140C5C900DF2303 /* Animator.m in Sources */ = {isa = PBXBuildFile; fileRef = 1023C1BF2140C5C900DF2303 /* Animator.m */; };
		1023C1C72140FBE700DF2303 /* AAViewController.m in Sources */ = {isa = PBXBuildFile; fileRef = 1023C1C52140FBE700DF2303 /* AAViewController.m */; };
		1023C1C82140FBE700DF2303 /* AAViewController.xib in Resources */ = {isa = PBXBuildFile; fileRef = 1023C1C62140FBE700DF2303 /* AAViewController.xib */; };
		1023C1CB2140FE2E00DF2303 /* PresentAnimator.m in Sources */ = {isa = PBXBuildFile; fileRef = 1023C1CA2140FE2E00DF2303 /* PresentAnimator.m */; };
		1023C1CE2141054500DF2303 /* Interactor.m in Sources */ = {isa = PBXBuildFile; fileRef = 1023C1CD2141054500DF2303 /* Interactor.m */; };
		102829B321421A4600F6F0A9 /* AppDelegate.m in Sources */ = {isa = PBXBuildFile; fileRef = 102829B221421A4600F6F0A9 /* AppDelegate.m */; };
		102829B621421A4600F6F0A9 /* ViewController.m in Sources */ = {isa = PBXBuildFile; fileRef = 102829B521421A4600F6F0A9 /* ViewController.m */; };
		102829B921421A4600F6F0A9 /* Main.storyboard in Resources */ = {isa = PBXBuildFile; fileRef = 102829B721421A4600F6F0A9 /* Main.storyboard */; };
		102829BB21421A4600F6F0A9 /* Assets.xcassets in Resources */ = {isa = PBXBuildFile; fileRef = 102829BA21421A4600F6F0A9 /* Assets.xcassets */; };
		102829BE21421A4600F6F0A9 /* LaunchScreen.storyboard in Resources */ = {isa = PBXBuildFile; fileRef = 102829BC21421A4600F6F0A9 /* LaunchScreen.storyboard */; };
		102829C121421A4600F6F0A9 /* main.m in Sources */ = {isa = PBXBuildFile; fileRef = 102829C021421A4600F6F0A9 /* main.m */; };
		102829CB21421A4600F6F0A9 /* AnimationTransitionTests.m in Sources */ = {isa = PBXBuildFile; fileRef = 102829CA21421A4600F6F0A9 /* AnimationTransitionTests.m */; };
		102829D621421A4600F6F0A9 /* AnimationTransitionUITests.m in Sources */ = {isa = PBXBuildFile; fileRef = 102829D521421A4600F6F0A9 /* AnimationTransitionUITests.m */; };
		102829E421421B6800F6F0A9 /* QQMusicTransitionPush.m in Sources */ = {isa = PBXBuildFile; fileRef = 102829E321421B6800F6F0A9 /* QQMusicTransitionPush.m */; };
		102829E821421CCF00F6F0A9 /* QQFirstViewController.m in Sources */ = {isa = PBXBuildFile; fileRef = 102829E621421CCF00F6F0A9 /* QQFirstViewController.m */; };
		102829E921421CCF00F6F0A9 /* QQFirstViewController.xib in Resources */ = {isa = PBXBuildFile; fileRef = 102829E721421CCF00F6F0A9 /* QQFirstViewController.xib */; };
		102829ED21421CE400F6F0A9 /* QQSecondViewController.m in Sources */ = {isa = PBXBuildFile; fileRef = 102829EB21421CE400F6F0A9 /* QQSecondViewController.m */; };
		102829EE21421CE400F6F0A9 /* QQSecondViewController.xib in Resources */ = {isa = PBXBuildFile; fileRef = 102829EC21421CE400F6F0A9 /* QQSecondViewController.xib */; };
		102829F12142294800F6F0A9 /* QQMusicTransitionDismiss.m in Sources */ = {isa = PBXBuildFile; fileRef = 102829F02142294800F6F0A9 /* QQMusicTransitionDismiss.m */; };
		102829F52142494E00F6F0A9 /* SpringViewController.m in Sources */ = {isa = PBXBuildFile; fileRef = 102829F32142494E00F6F0A9 /* SpringViewController.m */; };
		102829F62142494E00F6F0A9 /* SpringViewController.xib in Resources */ = {isa = PBXBuildFile; fileRef = 102829F42142494E00F6F0A9 /* SpringViewController.xib */; };
		102829F92142496500F6F0A9 /* SpringShowViewController.m in Sources */ = {isa = PBXBuildFile; fileRef = 102829F82142496500F6F0A9 /* SpringShowViewController.m */; };
		102829FC21424BB800F6F0A9 /* SpringTransition.m in Sources */ = {isa = PBXBuildFile; fileRef = 102829FB21424BB800F6F0A9 /* SpringTransition.m */; };
/* End PBXBuildFile section */

/* Begin PBXContainerItemProxy section */
		1023C1A22140C51F00DF2303 /* PBXContainerItemProxy */ = {
			isa = PBXContainerItemProxy;
			containerPortal = 1023C1812140C51F00DF2303 /* Project object */;
			proxyType = 1;
			remoteGlobalIDString = 1023C1882140C51F00DF2303;
			remoteInfo = TestNavigationTransition;
		};
		1023C1AD2140C51F00DF2303 /* PBXContainerItemProxy */ = {
			isa = PBXContainerItemProxy;
			containerPortal = 1023C1812140C51F00DF2303 /* Project object */;
			proxyType = 1;
			remoteGlobalIDString = 1023C1882140C51F00DF2303;
			remoteInfo = TestNavigationTransition;
		};
		102829C721421A4600F6F0A9 /* PBXContainerItemProxy */ = {
			isa = PBXContainerItemProxy;
			containerPortal = 1023C1812140C51F00DF2303 /* Project object */;
			proxyType = 1;
			remoteGlobalIDString = 102829AE21421A4600F6F0A9;
			remoteInfo = AnimationTransition;
		};
		102829D221421A4600F6F0A9 /* PBXContainerItemProxy */ = {
			isa = PBXContainerItemProxy;
			containerPortal = 1023C1812140C51F00DF2303 /* Project object */;
			proxyType = 1;
			remoteGlobalIDString = 102829AE21421A4600F6F0A9;
			remoteInfo = AnimationTransition;
		};
/* End PBXContainerItemProxy section */

/* Begin PBXFileReference section */
		1023C1892140C51F00DF2303 /* TestNavigationTransition.app */ = {isa = PBXFileReference; explicitFileType = wrapper.application; includeInIndex = 0; path = TestNavigationTransition.app; sourceTree = BUILT_PRODUCTS_DIR; };
		1023C18C2140C51F00DF2303 /* AppDelegate.h */ = {isa = PBXFileReference; lastKnownFileType = sourcecode.c.h; path = AppDelegate.h; sourceTree = "<group>"; };
		1023C18D2140C51F00DF2303 /* AppDelegate.m */ = {isa = PBXFileReference; lastKnownFileType = sourcecode.c.objc; path = AppDelegate.m; sourceTree = "<group>"; };
		1023C18F2140C51F00DF2303 /* ViewController.h */ = {isa = PBXFileReference; lastKnownFileType = sourcecode.c.h; path = ViewController.h; sourceTree = "<group>"; };
		1023C1902140C51F00DF2303 /* ViewController.m */ = {isa = PBXFileReference; lastKnownFileType = sourcecode.c.objc; path = ViewController.m; sourceTree = "<group>"; };
		1023C1932140C51F00DF2303 /* Base */ = {isa = PBXFileReference; lastKnownFileType = file.storyboard; name = Base; path = Base.lproj/Main.storyboard; sourceTree = "<group>"; };
		1023C1952140C51F00DF2303 /* Assets.xcassets */ = {isa = PBXFileReference; lastKnownFileType = folder.assetcatalog; path = Assets.xcassets; sourceTree = "<group>"; };
		1023C1982140C51F00DF2303 /* Base */ = {isa = PBXFileReference; lastKnownFileType = file.storyboard; name = Base; path = Base.lproj/LaunchScreen.storyboard; sourceTree = "<group>"; };
		1023C19A2140C51F00DF2303 /* Info.plist */ = {isa = PBXFileReference; lastKnownFileType = text.plist.xml; path = Info.plist; sourceTree = "<group>"; };
		1023C19B2140C51F00DF2303 /* main.m */ = {isa = PBXFileReference; lastKnownFileType = sourcecode.c.objc; path = main.m; sourceTree = "<group>"; };
		1023C1A12140C51F00DF2303 /* TestNavigationTransitionTests.xctest */ = {isa = PBXFileReference; explicitFileType = wrapper.cfbundle; includeInIndex = 0; path = TestNavigationTransitionTests.xctest; sourceTree = BUILT_PRODUCTS_DIR; };
		1023C1A52140C51F00DF2303 /* TestNavigationTransitionTests.m */ = {isa = PBXFileReference; lastKnownFileType = sourcecode.c.objc; path = TestNavigationTransitionTests.m; sourceTree = "<group>"; };
		1023C1A72140C51F00DF2303 /* Info.plist */ = {isa = PBXFileReference; lastKnownFileType = text.plist.xml; path = Info.plist; sourceTree = "<group>"; };
		1023C1AC2140C51F00DF2303 /* TestNavigationTransitionUITests.xctest */ = {isa = PBXFileReference; explicitFileType = wrapper.cfbundle; includeInIndex = 0; path = TestNavigationTransitionUITests.xctest; sourceTree = BUILT_PRODUCTS_DIR; };
		1023C1B02140C51F00DF2303 /* TestNavigationTransitionUITests.m */ = {isa = PBXFileReference; lastKnownFileType = sourcecode.c.objc; path = TestNavigationTransitionUITests.m; sourceTree = "<group>"; };
		1023C1B22140C51F00DF2303 /* Info.plist */ = {isa = PBXFileReference; lastKnownFileType = text.plist.xml; path = Info.plist; sourceTree = "<group>"; };
		1023C1BE2140C5C900DF2303 /* Animator.h */ = {isa = PBXFileReference; lastKnownFileType = sourcecode.c.h; path = Animator.h; sourceTree = "<group>"; };
		1023C1BF2140C5C900DF2303 /* Animator.m */ = {isa = PBXFileReference; lastKnownFileType = sourcecode.c.objc; path = Animator.m; sourceTree = "<group>"; };
		1023C1C42140FBE700DF2303 /* AAViewController.h */ = {isa = PBXFileReference; lastKnownFileType = sourcecode.c.h; path = AAViewController.h; sourceTree = "<group>"; };
		1023C1C52140FBE700DF2303 /* AAViewController.m */ = {isa = PBXFileReference; lastKnownFileType = sourcecode.c.objc; path = AAViewController.m; sourceTree = "<group>"; };
		1023C1C62140FBE700DF2303 /* AAViewController.xib */ = {isa = PBXFileReference; lastKnownFileType = file.xib; path = AAViewController.xib; sourceTree = "<group>"; };
		1023C1C92140FE2E00DF2303 /* PresentAnimator.h */ = {isa = PBXFileReference; lastKnownFileType = sourcecode.c.h; path = PresentAnimator.h; sourceTree = "<group>"; };
		1023C1CA2140FE2E00DF2303 /* PresentAnimator.m */ = {isa = PBXFileReference; lastKnownFileType = sourcecode.c.objc; path = PresentAnimator.m; sourceTree = "<group>"; };
		1023C1CC2141054500DF2303 /* Interactor.h */ = {isa = PBXFileReference; lastKnownFileType = sourcecode.c.h; path = Interactor.h; sourceTree = "<group>"; };
		1023C1CD2141054500DF2303 /* Interactor.m */ = {isa = PBXFileReference; lastKnownFileType = sourcecode.c.objc; path = Interactor.m; sourceTree = "<group>"; };
		102829AF21421A4600F6F0A9 /* AnimationTransition.app */ = {isa = PBXFileReference; explicitFileType = wrapper.application; includeInIndex = 0; path = AnimationTransition.app; sourceTree = BUILT_PRODUCTS_DIR; };
		102829B121421A4600F6F0A9 /* AppDelegate.h */ = {isa = PBXFileReference; lastKnownFileType = sourcecode.c.h; path = AppDelegate.h; sourceTree = "<group>"; };
		102829B221421A4600F6F0A9 /* AppDelegate.m */ = {isa = PBXFileReference; lastKnownFileType = sourcecode.c.objc; path = AppDelegate.m; sourceTree = "<group>"; };
		102829B421421A4600F6F0A9 /* ViewController.h */ = {isa = PBXFileReference; lastKnownFileType = sourcecode.c.h; path = ViewController.h; sourceTree = "<group>"; };
		102829B521421A4600F6F0A9 /* ViewController.m */ = {isa = PBXFileReference; lastKnownFileType = sourcecode.c.objc; path = ViewController.m; sourceTree = "<group>"; };
		102829B821421A4600F6F0A9 /* Base */ = {isa = PBXFileReference; lastKnownFileType = file.storyboard; name = Base; path = Base.lproj/Main.storyboard; sourceTree = "<group>"; };
		102829BA21421A4600F6F0A9 /* Assets.xcassets */ = {isa = PBXFileReference; lastKnownFileType = folder.assetcatalog; path = Assets.xcassets; sourceTree = "<group>"; };
		102829BD21421A4600F6F0A9 /* Base */ = {isa = PBXFileReference; lastKnownFileType = file.storyboard; name = Base; path = Base.lproj/LaunchScreen.storyboard; sourceTree = "<group>"; };
		102829BF21421A4600F6F0A9 /* Info.plist */ = {isa = PBXFileReference; lastKnownFileType = text.plist.xml; path = Info.plist; sourceTree = "<group>"; };
		102829C021421A4600F6F0A9 /* main.m */ = {isa = PBXFileReference; lastKnownFileType = sourcecode.c.objc; path = main.m; sourceTree = "<group>"; };
		102829C621421A4600F6F0A9 /* AnimationTransitionTests.xctest */ = {isa = PBXFileReference; explicitFileType = wrapper.cfbundle; includeInIndex = 0; path = AnimationTransitionTests.xctest; sourceTree = BUILT_PRODUCTS_DIR; };
		102829CA21421A4600F6F0A9 /* AnimationTransitionTests.m */ = {isa = PBXFileReference; lastKnownFileType = sourcecode.c.objc; path = AnimationTransitionTests.m; sourceTree = "<group>"; };
		102829CC21421A4600F6F0A9 /* Info.plist */ = {isa = PBXFileReference; lastKnownFileType = text.plist.xml; path = Info.plist; sourceTree = "<group>"; };
		102829D121421A4600F6F0A9 /* AnimationTransitionUITests.xctest */ = {isa = PBXFileReference; explicitFileType = wrapper.cfbundle; includeInIndex = 0; path = AnimationTransitionUITests.xctest; sourceTree = BUILT_PRODUCTS_DIR; };
		102829D521421A4600F6F0A9 /* AnimationTransitionUITests.m */ = {isa = PBXFileReference; lastKnownFileType = sourcecode.c.objc; path = AnimationTransitionUITests.m; sourceTree = "<group>"; };
		102829D721421A4600F6F0A9 /* Info.plist */ = {isa = PBXFileReference; lastKnownFileType = text.plist.xml; path = Info.plist; sourceTree = "<group>"; };
		102829E221421B6800F6F0A9 /* QQMusicTransitionPush.h */ = {isa = PBXFileReference; lastKnownFileType = sourcecode.c.h; path = QQMusicTransitionPush.h; sourceTree = "<group>"; };
		102829E321421B6800F6F0A9 /* QQMusicTransitionPush.m */ = {isa = PBXFileReference; lastKnownFileType = sourcecode.c.objc; path = QQMusicTransitionPush.m; sourceTree = "<group>"; };
		102829E521421CCF00F6F0A9 /* QQFirstViewController.h */ = {isa = PBXFileReference; lastKnownFileType = sourcecode.c.h; path = QQFirstViewController.h; sourceTree = "<group>"; };
		102829E621421CCF00F6F0A9 /* QQFirstViewController.m */ = {isa = PBXFileReference; lastKnownFileType = sourcecode.c.objc; path = QQFirstViewController.m; sourceTree = "<group>"; };
		102829E721421CCF00F6F0A9 /* QQFirstViewController.xib */ = {isa = PBXFileReference; lastKnownFileType = file.xib; path = QQFirstViewController.xib; sourceTree = "<group>"; };
		102829EA21421CE400F6F0A9 /* QQSecondViewController.h */ = {isa = PBXFileReference; lastKnownFileType = sourcecode.c.h; path = QQSecondViewController.h; sourceTree = "<group>"; };
		102829EB21421CE400F6F0A9 /* QQSecondViewController.m */ = {isa = PBXFileReference; lastKnownFileType = sourcecode.c.objc; path = QQSecondViewController.m; sourceTree = "<group>"; };
		102829EC21421CE400F6F0A9 /* QQSecondViewController.xib */ = {isa = PBXFileReference; lastKnownFileType = file.xib; path = QQSecondViewController.xib; sourceTree = "<group>"; };
		102829EF2142294800F6F0A9 /* QQMusicTransitionDismiss.h */ = {isa = PBXFileReference; lastKnownFileType = sourcecode.c.h; path = QQMusicTransitionDismiss.h; sourceTree = "<group>"; };
		102829F02142294800F6F0A9 /* QQMusicTransitionDismiss.m */ = {isa = PBXFileReference; lastKnownFileType = sourcecode.c.objc; path = QQMusicTransitionDismiss.m; sourceTree = "<group>"; };
		102829F22142494E00F6F0A9 /* SpringViewController.h */ = {isa = PBXFileReference; lastKnownFileType = sourcecode.c.h; path = SpringViewController.h; sourceTree = "<group>"; };
		102829F32142494E00F6F0A9 /* SpringViewController.m */ = {isa = PBXFileReference; lastKnownFileType = sourcecode.c.objc; path = SpringViewController.m; sourceTree = "<group>"; };
		102829F42142494E00F6F0A9 /* SpringViewController.xib */ = {isa = PBXFileReference; lastKnownFileType = file.xib; path = SpringViewController.xib; sourceTree = "<group>"; };
		102829F72142496500F6F0A9 /* SpringShowViewController.h */ = {isa = PBXFileReference; lastKnownFileType = sourcecode.c.h; path = SpringShowViewController.h; sourceTree = "<group>"; };
		102829F82142496500F6F0A9 /* SpringShowViewController.m */ = {isa = PBXFileReference; lastKnownFileType = sourcecode.c.objc; path = SpringShowViewController.m; sourceTree = "<group>"; };
		102829FA21424BB800F6F0A9 /* SpringTransition.h */ = {isa = PBXFileReference; lastKnownFileType = sourcecode.c.h; path = SpringTransition.h; sourceTree = "<group>"; };
		102829FB21424BB800F6F0A9 /* SpringTransition.m */ = {isa = PBXFileReference; lastKnownFileType = sourcecode.c.objc; path = SpringTransition.m; sourceTree = "<group>"; };
/* End PBXFileReference section */

/* Begin PBXFrameworksBuildPhase section */
		1023C1862140C51F00DF2303 /* Frameworks */ = {
			isa = PBXFrameworksBuildPhase;
			buildActionMask = 2147483647;
			files = (
			);
			runOnlyForDeploymentPostprocessing = 0;
		};
		1023C19E2140C51F00DF2303 /* Frameworks */ = {
			isa = PBXFrameworksBuildPhase;
			buildActionMask = 2147483647;
			files = (
			);
			runOnlyForDeploymentPostprocessing = 0;
		};
		1023C1A92140C51F00DF2303 /* Frameworks */ = {
			isa = PBXFrameworksBuildPhase;
			buildActionMask = 2147483647;
			files = (
			);
			runOnlyForDeploymentPostprocessing = 0;
		};
		102829AC21421A4600F6F0A9 /* Frameworks */ = {
			isa = PBXFrameworksBuildPhase;
			buildActionMask = 2147483647;
			files = (
			);
			runOnlyForDeploymentPostprocessing = 0;
		};
		102829C321421A4600F6F0A9 /* Frameworks */ = {
			isa = PBXFrameworksBuildPhase;
			buildActionMask = 2147483647;
			files = (
			);
			runOnlyForDeploymentPostprocessing = 0;
		};
		102829CE21421A4600F6F0A9 /* Frameworks */ = {
			isa = PBXFrameworksBuildPhase;
			buildActionMask = 2147483647;
			files = (
			);
			runOnlyForDeploymentPostprocessing = 0;
		};
/* End PBXFrameworksBuildPhase section */

/* Begin PBXGroup section */
		1023C1802140C51F00DF2303 = {
			isa = PBXGroup;
			children = (
				1023C18B2140C51F00DF2303 /* TestNavigationTransition */,
				1023C1A42140C51F00DF2303 /* TestNavigationTransitionTests */,
				1023C1AF2140C51F00DF2303 /* TestNavigationTransitionUITests */,
				102829B021421A4600F6F0A9 /* AnimationTransition */,
				102829C921421A4600F6F0A9 /* AnimationTransitionTests */,
				102829D421421A4600F6F0A9 /* AnimationTransitionUITests */,
				1023C18A2140C51F00DF2303 /* Products */,
			);
			sourceTree = "<group>";
		};
		1023C18A2140C51F00DF2303 /* Products */ = {
			isa = PBXGroup;
			children = (
				1023C1892140C51F00DF2303 /* TestNavigationTransition.app */,
				1023C1A12140C51F00DF2303 /* TestNavigationTransitionTests.xctest */,
				1023C1AC2140C51F00DF2303 /* TestNavigationTransitionUITests.xctest */,
				102829AF21421A4600F6F0A9 /* AnimationTransition.app */,
				102829C621421A4600F6F0A9 /* AnimationTransitionTests.xctest */,
				102829D121421A4600F6F0A9 /* AnimationTransitionUITests.xctest */,
			);
			name = Products;
			sourceTree = "<group>";
		};
		1023C18B2140C51F00DF2303 /* TestNavigationTransition */ = {
			isa = PBXGroup;
			children = (
				1023C18C2140C51F00DF2303 /* AppDelegate.h */,
				1023C18D2140C51F00DF2303 /* AppDelegate.m */,
				1023C18F2140C51F00DF2303 /* ViewController.h */,
				1023C1902140C51F00DF2303 /* ViewController.m */,
				1023C1C42140FBE700DF2303 /* AAViewController.h */,
				1023C1C52140FBE700DF2303 /* AAViewController.m */,
				1023C1C62140FBE700DF2303 /* AAViewController.xib */,
				1023C1BE2140C5C900DF2303 /* Animator.h */,
				1023C1BF2140C5C900DF2303 /* Animator.m */,
				1023C1C92140FE2E00DF2303 /* PresentAnimator.h */,
				1023C1CA2140FE2E00DF2303 /* PresentAnimator.m */,
				1023C1CC2141054500DF2303 /* Interactor.h */,
				1023C1CD2141054500DF2303 /* Interactor.m */,
				1023C1922140C51F00DF2303 /* Main.storyboard */,
				1023C1952140C51F00DF2303 /* Assets.xcassets */,
				1023C1972140C51F00DF2303 /* LaunchScreen.storyboard */,
				1023C19A2140C51F00DF2303 /* Info.plist */,
				1023C19B2140C51F00DF2303 /* main.m */,
			);
			path = TestNavigationTransition;
			sourceTree = "<group>";
		};
		1023C1A42140C51F00DF2303 /* TestNavigationTransitionTests */ = {
			isa = PBXGroup;
			children = (
				1023C1A52140C51F00DF2303 /* TestNavigationTransitionTests.m */,
				1023C1A72140C51F00DF2303 /* Info.plist */,
			);
			path = TestNavigationTransitionTests;
			sourceTree = "<group>";
		};
		1023C1AF2140C51F00DF2303 /* TestNavigationTransitionUITests */ = {
			isa = PBXGroup;
			children = (
				1023C1B02140C51F00DF2303 /* TestNavigationTransitionUITests.m */,
				1023C1B22140C51F00DF2303 /* Info.plist */,
			);
			path = TestNavigationTransitionUITests;
			sourceTree = "<group>";
		};
		102829B021421A4600F6F0A9 /* AnimationTransition */ = {
			isa = PBXGroup;
			children = (
				102829B121421A4600F6F0A9 /* AppDelegate.h */,
				102829B221421A4600F6F0A9 /* AppDelegate.m */,
				102829B421421A4600F6F0A9 /* ViewController.h */,
				102829B521421A4600F6F0A9 /* ViewController.m */,
				102829E521421CCF00F6F0A9 /* QQFirstViewController.h */,
				102829E621421CCF00F6F0A9 /* QQFirstViewController.m */,
				102829E721421CCF00F6F0A9 /* QQFirstViewController.xib */,
				102829EA21421CE400F6F0A9 /* QQSecondViewController.h */,
				102829EB21421CE400F6F0A9 /* QQSecondViewController.m */,
				102829EC21421CE400F6F0A9 /* QQSecondViewController.xib */,
				102829F22142494E00F6F0A9 /* SpringViewController.h */,
				102829F32142494E00F6F0A9 /* SpringViewController.m */,
				102829F42142494E00F6F0A9 /* SpringViewController.xib */,
				102829F72142496500F6F0A9 /* SpringShowViewController.h */,
				102829F82142496500F6F0A9 /* SpringShowViewController.m */,
				102829E121421AE000F6F0A9 /* Transition */,
				102829B721421A4600F6F0A9 /* Main.storyboard */,
				102829BA21421A4600F6F0A9 /* Assets.xcassets */,
				102829BC21421A4600F6F0A9 /* LaunchScreen.storyboard */,
				102829BF21421A4600F6F0A9 /* Info.plist */,
				102829C021421A4600F6F0A9 /* main.m */,
			);
			path = AnimationTransition;
			sourceTree = "<group>";
		};
		102829C921421A4600F6F0A9 /* AnimationTransitionTests */ = {
			isa = PBXGroup;
			children = (
				102829CA21421A4600F6F0A9 /* AnimationTransitionTests.m */,
				102829CC21421A4600F6F0A9 /* Info.plist */,
			);
			path = AnimationTransitionTests;
			sourceTree = "<group>";
		};
		102829D421421A4600F6F0A9 /* AnimationTransitionUITests */ = {
			isa = PBXGroup;
			children = (
				102829D521421A4600F6F0A9 /* AnimationTransitionUITests.m */,
				102829D721421A4600F6F0A9 /* Info.plist */,
			);
			path = AnimationTransitionUITests;
			sourceTree = "<group>";
		};
		102829E121421AE000F6F0A9 /* Transition */ = {
			isa = PBXGroup;
			children = (
				102829E221421B6800F6F0A9 /* QQMusicTransitionPush.h */,
				102829E321421B6800F6F0A9 /* QQMusicTransitionPush.m */,
				102829EF2142294800F6F0A9 /* QQMusicTransitionDismiss.h */,
				102829F02142294800F6F0A9 /* QQMusicTransitionDismiss.m */,
				102829FA21424BB800F6F0A9 /* SpringTransition.h */,
				102829FB21424BB800F6F0A9 /* SpringTransition.m */,
			);
			path = Transition;
			sourceTree = "<group>";
		};
/* End PBXGroup section */

/* Begin PBXNativeTarget section */
		1023C1882140C51F00DF2303 /* TestNavigationTransition */ = {
			isa = PBXNativeTarget;
			buildConfigurationList = 1023C1B52140C51F00DF2303 /* Build configuration list for PBXNativeTarget "TestNavigationTransition" */;
			buildPhases = (
				1023C1852140C51F00DF2303 /* Sources */,
				1023C1862140C51F00DF2303 /* Frameworks */,
				1023C1872140C51F00DF2303 /* Resources */,
			);
			buildRules = (
			);
			dependencies = (
			);
			name = TestNavigationTransition;
			productName = TestNavigationTransition;
			productReference = 1023C1892140C51F00DF2303 /* TestNavigationTransition.app */;
			productType = "com.apple.product-type.application";
		};
		1023C1A02140C51F00DF2303 /* TestNavigationTransitionTests */ = {
			isa = PBXNativeTarget;
			buildConfigurationList = 1023C1B82140C51F00DF2303 /* Build configuration list for PBXNativeTarget "TestNavigationTransitionTests" */;
			buildPhases = (
				1023C19D2140C51F00DF2303 /* Sources */,
				1023C19E2140C51F00DF2303 /* Frameworks */,
				1023C19F2140C51F00DF2303 /* Resources */,
			);
			buildRules = (
			);
			dependencies = (
				1023C1A32140C51F00DF2303 /* PBXTargetDependency */,
			);
			name = TestNavigationTransitionTests;
			productName = TestNavigationTransitionTests;
			productReference = 1023C1A12140C51F00DF2303 /* TestNavigationTransitionTests.xctest */;
			productType = "com.apple.product-type.bundle.unit-test";
		};
		1023C1AB2140C51F00DF2303 /* TestNavigationTransitionUITests */ = {
			isa = PBXNativeTarget;
			buildConfigurationList = 1023C1BB2140C52000DF2303 /* Build configuration list for PBXNativeTarget "TestNavigationTransitionUITests" */;
			buildPhases = (
				1023C1A82140C51F00DF2303 /* Sources */,
				1023C1A92140C51F00DF2303 /* Frameworks */,
				1023C1AA2140C51F00DF2303 /* Resources */,
			);
			buildRules = (
			);
			dependencies = (
				1023C1AE2140C51F00DF2303 /* PBXTargetDependency */,
			);
			name = TestNavigationTransitionUITests;
			productName = TestNavigationTransitionUITests;
			productReference = 1023C1AC2140C51F00DF2303 /* TestNavigationTransitionUITests.xctest */;
			productType = "com.apple.product-type.bundle.ui-testing";
		};
		102829AE21421A4600F6F0A9 /* AnimationTransition */ = {
			isa = PBXNativeTarget;
			buildConfigurationList = 102829DE21421A4600F6F0A9 /* Build configuration list for PBXNativeTarget "AnimationTransition" */;
			buildPhases = (
				102829AB21421A4600F6F0A9 /* Sources */,
				102829AC21421A4600F6F0A9 /* Frameworks */,
				102829AD21421A4600F6F0A9 /* Resources */,
			);
			buildRules = (
			);
			dependencies = (
			);
			name = AnimationTransition;
			productName = AnimationTransition;
			productReference = 102829AF21421A4600F6F0A9 /* AnimationTransition.app */;
			productType = "com.apple.product-type.application";
		};
		102829C521421A4600F6F0A9 /* AnimationTransitionTests */ = {
			isa = PBXNativeTarget;
			buildConfigurationList = 102829DF21421A4600F6F0A9 /* Build configuration list for PBXNativeTarget "AnimationTransitionTests" */;
			buildPhases = (
				102829C221421A4600F6F0A9 /* Sources */,
				102829C321421A4600F6F0A9 /* Frameworks */,
				102829C421421A4600F6F0A9 /* Resources */,
			);
			buildRules = (
			);
			dependencies = (
				102829C821421A4600F6F0A9 /* PBXTargetDependency */,
			);
			name = AnimationTransitionTests;
			productName = AnimationTransitionTests;
			productReference = 102829C621421A4600F6F0A9 /* AnimationTransitionTests.xctest */;
			productType = "com.apple.product-type.bundle.unit-test";
		};
		102829D021421A4600F6F0A9 /* AnimationTransitionUITests */ = {
			isa = PBXNativeTarget;
			buildConfigurationList = 102829E021421A4600F6F0A9 /* Build configuration list for PBXNativeTarget "AnimationTransitionUITests" */;
			buildPhases = (
				102829CD21421A4600F6F0A9 /* Sources */,
				102829CE21421A4600F6F0A9 /* Frameworks */,
				102829CF21421A4600F6F0A9 /* Resources */,
			);
			buildRules = (
			);
			dependencies = (
				102829D321421A4600F6F0A9 /* PBXTargetDependency */,
			);
			name = AnimationTransitionUITests;
			productName = AnimationTransitionUITests;
			productReference = 102829D121421A4600F6F0A9 /* AnimationTransitionUITests.xctest */;
			productType = "com.apple.product-type.bundle.ui-testing";
		};
/* End PBXNativeTarget section */

/* Begin PBXProject section */
		1023C1812140C51F00DF2303 /* Project object */ = {
			isa = PBXProject;
			attributes = {
				LastUpgradeCheck = 0920;
				ORGANIZATIONNAME = "贺超";
				TargetAttributes = {
					1023C1882140C51F00DF2303 = {
						CreatedOnToolsVersion = 9.2;
						ProvisioningStyle = Automatic;
					};
					1023C1A02140C51F00DF2303 = {
						CreatedOnToolsVersion = 9.2;
						ProvisioningStyle = Automatic;
						TestTargetID = 1023C1882140C51F00DF2303;
					};
					1023C1AB2140C51F00DF2303 = {
						CreatedOnToolsVersion = 9.2;
						ProvisioningStyle = Automatic;
						TestTargetID = 1023C1882140C51F00DF2303;
					};
					102829AE21421A4600F6F0A9 = {
						CreatedOnToolsVersion = 9.2;
						ProvisioningStyle = Automatic;
					};
					102829C521421A4600F6F0A9 = {
						CreatedOnToolsVersion = 9.2;
						ProvisioningStyle = Automatic;
						TestTargetID = 102829AE21421A4600F6F0A9;
					};
					102829D021421A4600F6F0A9 = {
						CreatedOnToolsVersion = 9.2;
						ProvisioningStyle = Automatic;
						TestTargetID = 102829AE21421A4600F6F0A9;
					};
				};
			};
			buildConfigurationList = 1023C1842140C51F00DF2303 /* Build configuration list for PBXProject "TestNavigationTransition" */;
			compatibilityVersion = "Xcode 8.0";
			developmentRegion = en;
			hasScannedForEncodings = 0;
			knownRegions = (
				en,
				Base,
			);
			mainGroup = 1023C1802140C51F00DF2303;
			productRefGroup = 1023C18A2140C51F00DF2303 /* Products */;
			projectDirPath = "";
			projectRoot = "";
			targets = (
				1023C1882140C51F00DF2303 /* TestNavigationTransition */,
				1023C1A02140C51F00DF2303 /* TestNavigationTransitionTests */,
				1023C1AB2140C51F00DF2303 /* TestNavigationTransitionUITests */,
				102829AE21421A4600F6F0A9 /* AnimationTransition */,
				102829C521421A4600F6F0A9 /* AnimationTransitionTests */,
				102829D021421A4600F6F0A9 /* AnimationTransitionUITests */,
			);
		};
/* End PBXProject section */

/* Begin PBXResourcesBuildPhase section */
		1023C1872140C51F00DF2303 /* Resources */ = {
			isa = PBXResourcesBuildPhase;
			buildActionMask = 2147483647;
			files = (
				1023C1992140C51F00DF2303 /* LaunchScreen.storyboard in Resources */,
				1023C1962140C51F00DF2303 /* Assets.xcassets in Resources */,
				1023C1C82140FBE700DF2303 /* AAViewController.xib in Resources */,
				1023C1942140C51F00DF2303 /* Main.storyboard in Resources */,
			);
			runOnlyForDeploymentPostprocessing = 0;
		};
		1023C19F2140C51F00DF2303 /* Resources */ = {
			isa = PBXResourcesBuildPhase;
			buildActionMask = 2147483647;
			files = (
			);
			runOnlyForDeploymentPostprocessing = 0;
		};
		1023C1AA2140C51F00DF2303 /* Resources */ = {
			isa = PBXResourcesBuildPhase;
			buildActionMask = 2147483647;
			files = (
			);
			runOnlyForDeploymentPostprocessing = 0;
		};
		102829AD21421A4600F6F0A9 /* Resources */ = {
			isa = PBXResourcesBuildPhase;
			buildActionMask = 2147483647;
			files = (
				102829BE21421A4600F6F0A9 /* LaunchScreen.storyboard in Resources */,
				102829F62142494E00F6F0A9 /* SpringViewController.xib in Resources */,
				102829BB21421A4600F6F0A9 /* Assets.xcassets in Resources */,
				102829B921421A4600F6F0A9 /* Main.storyboard in Resources */,
				102829E921421CCF00F6F0A9 /* QQFirstViewController.xib in Resources */,
				102829EE21421CE400F6F0A9 /* QQSecondViewController.xib in Resources */,
			);
			runOnlyForDeploymentPostprocessing = 0;
		};
		102829C421421A4600F6F0A9 /* Resources */ = {
			isa = PBXResourcesBuildPhase;
			buildActionMask = 2147483647;
			files = (
			);
			runOnlyForDeploymentPostprocessing = 0;
		};
		102829CF21421A4600F6F0A9 /* Resources */ = {
			isa = PBXResourcesBuildPhase;
			buildActionMask = 2147483647;
			files = (
			);
			runOnlyForDeploymentPostprocessing = 0;
		};
/* End PBXResourcesBuildPhase section */

/* Begin PBXSourcesBuildPhase section */
		1023C1852140C51F00DF2303 /* Sources */ = {
			isa = PBXSourcesBuildPhase;
			buildActionMask = 2147483647;
			files = (
				1023C1CB2140FE2E00DF2303 /* PresentAnimator.m in Sources */,
				1023C1C02140C5C900DF2303 /* Animator.m in Sources */,
				1023C1912140C51F00DF2303 /* ViewController.m in Sources */,
				1023C1CE2141054500DF2303 /* Interactor.m in Sources */,
				1023C19C2140C51F00DF2303 /* main.m in Sources */,
				1023C18E2140C51F00DF2303 /* AppDelegate.m in Sources */,
				1023C1C72140FBE700DF2303 /* AAViewController.m in Sources */,
			);
			runOnlyForDeploymentPostprocessing = 0;
		};
		1023C19D2140C51F00DF2303 /* Sources */ = {
			isa = PBXSourcesBuildPhase;
			buildActionMask = 2147483647;
			files = (
				1023C1A62140C51F00DF2303 /* TestNavigationTransitionTests.m in Sources */,
			);
			runOnlyForDeploymentPostprocessing = 0;
		};
		1023C1A82140C51F00DF2303 /* Sources */ = {
			isa = PBXSourcesBuildPhase;
			buildActionMask = 2147483647;
			files = (
				1023C1B12140C51F00DF2303 /* TestNavigationTransitionUITests.m in Sources */,
			);
			runOnlyForDeploymentPostprocessing = 0;
		};
		102829AB21421A4600F6F0A9 /* Sources */ = {
			isa = PBXSourcesBuildPhase;
			buildActionMask = 2147483647;
			files = (
				102829E421421B6800F6F0A9 /* QQMusicTransitionPush.m in Sources */,
				102829E821421CCF00F6F0A9 /* QQFirstViewController.m in Sources */,
				102829ED21421CE400F6F0A9 /* QQSecondViewController.m in Sources */,
				102829F52142494E00F6F0A9 /* SpringViewController.m in Sources */,
				102829B621421A4600F6F0A9 /* ViewController.m in Sources */,
				102829C121421A4600F6F0A9 /* main.m in Sources */,
				102829B321421A4600F6F0A9 /* AppDelegate.m in Sources */,
				102829FC21424BB800F6F0A9 /* SpringTransition.m in Sources */,
				102829F92142496500F6F0A9 /* SpringShowViewController.m in Sources */,
				102829F12142294800F6F0A9 /* QQMusicTransitionDismiss.m in Sources */,
			);
			runOnlyForDeploymentPostprocessing = 0;
		};
		102829C221421A4600F6F0A9 /* Sources */ = {
			isa = PBXSourcesBuildPhase;
			buildActionMask = 2147483647;
			files = (
				102829CB21421A4600F6F0A9 /* AnimationTransitionTests.m in Sources */,
			);
			runOnlyForDeploymentPostprocessing = 0;
		};
		102829CD21421A4600F6F0A9 /* Sources */ = {
			isa = PBXSourcesBuildPhase;
			buildActionMask = 2147483647;
			files = (
				102829D621421A4600F6F0A9 /* AnimationTransitionUITests.m in Sources */,
			);
			runOnlyForDeploymentPostprocessing = 0;
		};
/* End PBXSourcesBuildPhase section */

/* Begin PBXTargetDependency section */
		1023C1A32140C51F00DF2303 /* PBXTargetDependency */ = {
			isa = PBXTargetDependency;
			target = 1023C1882140C51F00DF2303 /* TestNavigationTransition */;
			targetProxy = 1023C1A22140C51F00DF2303 /* PBXContainerItemProxy */;
		};
		1023C1AE2140C51F00DF2303 /* PBXTargetDependency */ = {
			isa = PBXTargetDependency;
			target = 1023C1882140C51F00DF2303 /* TestNavigationTransition */;
			targetProxy = 1023C1AD2140C51F00DF2303 /* PBXContainerItemProxy */;
		};
		102829C821421A4600F6F0A9 /* PBXTargetDependency */ = {
			isa = PBXTargetDependency;
			target = 102829AE21421A4600F6F0A9 /* AnimationTransition */;
			targetProxy = 102829C721421A4600F6F0A9 /* PBXContainerItemProxy */;
		};
		102829D321421A4600F6F0A9 /* PBXTargetDependency */ = {
			isa = PBXTargetDependency;
			target = 102829AE21421A4600F6F0A9 /* AnimationTransition */;
			targetProxy = 102829D221421A4600F6F0A9 /* PBXContainerItemProxy */;
		};
/* End PBXTargetDependency section */

/* Begin PBXVariantGroup section */
		1023C1922140C51F00DF2303 /* Main.storyboard */ = {
			isa = PBXVariantGroup;
			children = (
				1023C1932140C51F00DF2303 /* Base */,
			);
			name = Main.storyboard;
			sourceTree = "<group>";
		};
		1023C1972140C51F00DF2303 /* LaunchScreen.storyboard */ = {
			isa = PBXVariantGroup;
			children = (
				1023C1982140C51F00DF2303 /* Base */,
			);
			name = LaunchScreen.storyboard;
			sourceTree = "<group>";
		};
		102829B721421A4600F6F0A9 /* Main.storyboard */ = {
			isa = PBXVariantGroup;
			children = (
				102829B821421A4600F6F0A9 /* Base */,
			);
			name = Main.storyboard;
			sourceTree = "<group>";
		};
		102829BC21421A4600F6F0A9 /* LaunchScreen.storyboard */ = {
			isa = PBXVariantGroup;
			children = (
				102829BD21421A4600F6F0A9 /* Base */,
			);
			name = LaunchScreen.storyboard;
			sourceTree = "<group>";
		};
/* End PBXVariantGroup section */

/* Begin XCBuildConfiguration section */
		1023C1B32140C51F00DF2303 /* Debug */ = {
			isa = XCBuildConfiguration;
			buildSettings = {
				ALWAYS_SEARCH_USER_PATHS = NO;
				CLANG_ANALYZER_NONNULL = YES;
				CLANG_ANALYZER_NUMBER_OBJECT_CONVERSION = YES_AGGRESSIVE;
				CLANG_CXX_LANGUAGE_STANDARD = "gnu++14";
				CLANG_CXX_LIBRARY = "libc++";
				CLANG_ENABLE_MODULES = YES;
				CLANG_ENABLE_OBJC_ARC = YES;
				CLANG_WARN_BLOCK_CAPTURE_AUTORELEASING = YES;
				CLANG_WARN_BOOL_CONVERSION = YES;
				CLANG_WARN_COMMA = YES;
				CLANG_WARN_CONSTANT_CONVERSION = YES;
				CLANG_WARN_DIRECT_OBJC_ISA_USAGE = YES_ERROR;
				CLANG_WARN_DOCUMENTATION_COMMENTS = YES;
				CLANG_WARN_EMPTY_BODY = YES;
				CLANG_WARN_ENUM_CONVERSION = YES;
				CLANG_WARN_INFINITE_RECURSION = YES;
				CLANG_WARN_INT_CONVERSION = YES;
				CLANG_WARN_NON_LITERAL_NULL_CONVERSION = YES;
				CLANG_WARN_OBJC_LITERAL_CONVERSION = YES;
				CLANG_WARN_OBJC_ROOT_CLASS = YES_ERROR;
				CLANG_WARN_RANGE_LOOP_ANALYSIS = YES;
				CLANG_WARN_STRICT_PROTOTYPES = YES;
				CLANG_WARN_SUSPICIOUS_MOVE = YES;
				CLANG_WARN_UNGUARDED_AVAILABILITY = YES_AGGRESSIVE;
				CLANG_WARN_UNREACHABLE_CODE = YES;
				CLANG_WARN__DUPLICATE_METHOD_MATCH = YES;
				CODE_SIGN_IDENTITY = "iPhone Developer";
				COPY_PHASE_STRIP = NO;
				DEBUG_INFORMATION_FORMAT = dwarf;
				ENABLE_STRICT_OBJC_MSGSEND = YES;
				ENABLE_TESTABILITY = YES;
				GCC_C_LANGUAGE_STANDARD = gnu11;
				GCC_DYNAMIC_NO_PIC = NO;
				GCC_NO_COMMON_BLOCKS = YES;
				GCC_OPTIMIZATION_LEVEL = 0;
				GCC_PREPROCESSOR_DEFINITIONS = (
					"DEBUG=1",
					"$(inherited)",
				);
				GCC_WARN_64_TO_32_BIT_CONVERSION = YES;
				GCC_WARN_ABOUT_RETURN_TYPE = YES_ERROR;
				GCC_WARN_UNDECLARED_SELECTOR = YES;
				GCC_WARN_UNINITIALIZED_AUTOS = YES_AGGRESSIVE;
				GCC_WARN_UNUSED_FUNCTION = YES;
				GCC_WARN_UNUSED_VARIABLE = YES;
				IPHONEOS_DEPLOYMENT_TARGET = 11.2;
				MTL_ENABLE_DEBUG_INFO = YES;
				ONLY_ACTIVE_ARCH = YES;
				SDKROOT = iphoneos;
			};
			name = Debug;
		};
		1023C1B42140C51F00DF2303 /* Release */ = {
			isa = XCBuildConfiguration;
			buildSettings = {
				ALWAYS_SEARCH_USER_PATHS = NO;
				CLANG_ANALYZER_NONNULL = YES;
				CLANG_ANALYZER_NUMBER_OBJECT_CONVERSION = YES_AGGRESSIVE;
				CLANG_CXX_LANGUAGE_STANDARD = "gnu++14";
				CLANG_CXX_LIBRARY = "libc++";
				CLANG_ENABLE_MODULES = YES;
				CLANG_ENABLE_OBJC_ARC = YES;
				CLANG_WARN_BLOCK_CAPTURE_AUTORELEASING = YES;
				CLANG_WARN_BOOL_CONVERSION = YES;
				CLANG_WARN_COMMA = YES;
				CLANG_WARN_CONSTANT_CONVERSION = YES;
				CLANG_WARN_DIRECT_OBJC_ISA_USAGE = YES_ERROR;
				CLANG_WARN_DOCUMENTATION_COMMENTS = YES;
				CLANG_WARN_EMPTY_BODY = YES;
				CLANG_WARN_ENUM_CONVERSION = YES;
				CLANG_WARN_INFINITE_RECURSION = YES;
				CLANG_WARN_INT_CONVERSION = YES;
				CLANG_WARN_NON_LITERAL_NULL_CONVERSION = YES;
				CLANG_WARN_OBJC_LITERAL_CONVERSION = YES;
				CLANG_WARN_OBJC_ROOT_CLASS = YES_ERROR;
				CLANG_WARN_RANGE_LOOP_ANALYSIS = YES;
				CLANG_WARN_STRICT_PROTOTYPES = YES;
				CLANG_WARN_SUSPICIOUS_MOVE = YES;
				CLANG_WARN_UNGUARDED_AVAILABILITY = YES_AGGRESSIVE;
				CLANG_WARN_UNREACHABLE_CODE = YES;
				CLANG_WARN__DUPLICATE_METHOD_MATCH = YES;
				CODE_SIGN_IDENTITY = "iPhone Developer";
				COPY_PHASE_STRIP = NO;
				DEBUG_INFORMATION_FORMAT = "dwarf-with-dsym";
				ENABLE_NS_ASSERTIONS = NO;
				ENABLE_STRICT_OBJC_MSGSEND = YES;
				GCC_C_LANGUAGE_STANDARD = gnu11;
				GCC_NO_COMMON_BLOCKS = YES;
				GCC_WARN_64_TO_32_BIT_CONVERSION = YES;
				GCC_WARN_ABOUT_RETURN_TYPE = YES_ERROR;
				GCC_WARN_UNDECLARED_SELECTOR = YES;
				GCC_WARN_UNINITIALIZED_AUTOS = YES_AGGRESSIVE;
				GCC_WARN_UNUSED_FUNCTION = YES;
				GCC_WARN_UNUSED_VARIABLE = YES;
				IPHONEOS_DEPLOYMENT_TARGET = 11.2;
				MTL_ENABLE_DEBUG_INFO = NO;
				SDKROOT = iphoneos;
				VALIDATE_PRODUCT = YES;
			};
			name = Release;
		};
		1023C1B62140C51F00DF2303 /* Debug */ = {
			isa = XCBuildConfiguration;
			buildSettings = {
				ASSETCATALOG_COMPILER_APPICON_NAME = AppIcon;
				CODE_SIGN_STYLE = Automatic;
				INFOPLIST_FILE = TestNavigationTransition/Info.plist;
				LD_RUNPATH_SEARCH_PATHS = "$(inherited) @executable_path/Frameworks";
				PRODUCT_BUNDLE_IDENTIFIER = abc.TestNavigationTransition;
				PRODUCT_NAME = "$(TARGET_NAME)";
				TARGETED_DEVICE_FAMILY = "1,2";
			};
			name = Debug;
		};
		1023C1B72140C51F00DF2303 /* Release */ = {
			isa = XCBuildConfiguration;
			buildSettings = {
				ASSETCATALOG_COMPILER_APPICON_NAME = AppIcon;
				CODE_SIGN_STYLE = Automatic;
				INFOPLIST_FILE = TestNavigationTransition/Info.plist;
				LD_RUNPATH_SEARCH_PATHS = "$(inherited) @executable_path/Frameworks";
				PRODUCT_BUNDLE_IDENTIFIER = abc.TestNavigationTransition;
				PRODUCT_NAME = "$(TARGET_NAME)";
				TARGETED_DEVICE_FAMILY = "1,2";
			};
			name = Release;
		};
		1023C1B92140C51F00DF2303 /* Debug */ = {
			isa = XCBuildConfiguration;
			buildSettings = {
				BUNDLE_LOADER = "$(TEST_HOST)";
				CODE_SIGN_STYLE = Automatic;
				INFOPLIST_FILE = TestNavigationTransitionTests/Info.plist;
				LD_RUNPATH_SEARCH_PATHS = "$(inherited) @executable_path/Frameworks @loader_path/Frameworks";
				PRODUCT_BUNDLE_IDENTIFIER = abc.TestNavigationTransitionTests;
				PRODUCT_NAME = "$(TARGET_NAME)";
				TARGETED_DEVICE_FAMILY = "1,2";
				TEST_HOST = "$(BUILT_PRODUCTS_DIR)/TestNavigationTransition.app/TestNavigationTransition";
			};
			name = Debug;
		};
		1023C1BA2140C51F00DF2303 /* Release */ = {
			isa = XCBuildConfiguration;
			buildSettings = {
				BUNDLE_LOADER = "$(TEST_HOST)";
				CODE_SIGN_STYLE = Automatic;
				INFOPLIST_FILE = TestNavigationTransitionTests/Info.plist;
				LD_RUNPATH_SEARCH_PATHS = "$(inherited) @executable_path/Frameworks @loader_path/Frameworks";
				PRODUCT_BUNDLE_IDENTIFIER = abc.TestNavigationTransitionTests;
				PRODUCT_NAME = "$(TARGET_NAME)";
				TARGETED_DEVICE_FAMILY = "1,2";
				TEST_HOST = "$(BUILT_PRODUCTS_DIR)/TestNavigationTransition.app/TestNavigationTransition";
			};
			name = Release;
		};
		1023C1BC2140C52000DF2303 /* Debug */ = {
			isa = XCBuildConfiguration;
			buildSettings = {
				CODE_SIGN_STYLE = Automatic;
				INFOPLIST_FILE = TestNavigationTransitionUITests/Info.plist;
				LD_RUNPATH_SEARCH_PATHS = "$(inherited) @executable_path/Frameworks @loader_path/Frameworks";
				PRODUCT_BUNDLE_IDENTIFIER = abc.TestNavigationTransitionUITests;
				PRODUCT_NAME = "$(TARGET_NAME)";
				TARGETED_DEVICE_FAMILY = "1,2";
				TEST_TARGET_NAME = TestNavigationTransition;
			};
			name = Debug;
		};
		1023C1BD2140C52000DF2303 /* Release */ = {
			isa = XCBuildConfiguration;
			buildSettings = {
				CODE_SIGN_STYLE = Automatic;
				INFOPLIST_FILE = TestNavigationTransitionUITests/Info.plist;
				LD_RUNPATH_SEARCH_PATHS = "$(inherited) @executable_path/Frameworks @loader_path/Frameworks";
				PRODUCT_BUNDLE_IDENTIFIER = abc.TestNavigationTransitionUITests;
				PRODUCT_NAME = "$(TARGET_NAME)";
				TARGETED_DEVICE_FAMILY = "1,2";
				TEST_TARGET_NAME = TestNavigationTransition;
			};
			name = Release;
		};
		102829D821421A4600F6F0A9 /* Debug */ = {
			isa = XCBuildConfiguration;
			buildSettings = {
				ASSETCATALOG_COMPILER_APPICON_NAME = AppIcon;
				CODE_SIGN_STYLE = Automatic;
				INFOPLIST_FILE = AnimationTransition/Info.plist;
				LD_RUNPATH_SEARCH_PATHS = "$(inherited) @executable_path/Frameworks";
				PRODUCT_BUNDLE_IDENTIFIER = abc.AnimationTransition;
				PRODUCT_NAME = "$(TARGET_NAME)";
				TARGETED_DEVICE_FAMILY = "1,2";
			};
			name = Debug;
		};
		102829D921421A4600F6F0A9 /* Release */ = {
			isa = XCBuildConfiguration;
			buildSettings = {
				ASSETCATALOG_COMPILER_APPICON_NAME = AppIcon;
				CODE_SIGN_STYLE = Automatic;
				INFOPLIST_FILE = AnimationTransition/Info.plist;
				LD_RUNPATH_SEARCH_PATHS = "$(inherited) @executable_path/Frameworks";
				PRODUCT_BUNDLE_IDENTIFIER = abc.AnimationTransition;
				PRODUCT_NAME = "$(TARGET_NAME)";
				TARGETED_DEVICE_FAMILY = "1,2";
			};
			name = Release;
		};
		102829DA21421A4600F6F0A9 /* Debug */ = {
			isa = XCBuildConfiguration;
			buildSettings = {
				BUNDLE_LOADER = "$(TEST_HOST)";
				CODE_SIGN_STYLE = Automatic;
				INFOPLIST_FILE = AnimationTransitionTests/Info.plist;
				LD_RUNPATH_SEARCH_PATHS = "$(inherited) @executable_path/Frameworks @loader_path/Frameworks";
				PRODUCT_BUNDLE_IDENTIFIER = abc.AnimationTransitionTests;
				PRODUCT_NAME = "$(TARGET_NAME)";
				TARGETED_DEVICE_FAMILY = "1,2";
				TEST_HOST = "$(BUILT_PRODUCTS_DIR)/AnimationTransition.app/AnimationTransition";
			};
			name = Debug;
		};
		102829DB21421A4600F6F0A9 /* Release */ = {
			isa = XCBuildConfiguration;
			buildSettings = {
				BUNDLE_LOADER = "$(TEST_HOST)";
				CODE_SIGN_STYLE = Automatic;
				INFOPLIST_FILE = AnimationTransitionTests/Info.plist;
				LD_RUNPATH_SEARCH_PATHS = "$(inherited) @executable_path/Frameworks @loader_path/Frameworks";
				PRODUCT_BUNDLE_IDENTIFIER = abc.AnimationTransitionTests;
				PRODUCT_NAME = "$(TARGET_NAME)";
				TARGETED_DEVICE_FAMILY = "1,2";
				TEST_HOST = "$(BUILT_PRODUCTS_DIR)/AnimationTransition.app/AnimationTransition";
			};
			name = Release;
		};
		102829DC21421A4600F6F0A9 /* Debug */ = {
			isa = XCBuildConfiguration;
			buildSettings = {
				CODE_SIGN_STYLE = Automatic;
				INFOPLIST_FILE = AnimationTransitionUITests/Info.plist;
				LD_RUNPATH_SEARCH_PATHS = "$(inherited) @executable_path/Frameworks @loader_path/Frameworks";
				PRODUCT_BUNDLE_IDENTIFIER = abc.AnimationTransitionUITests;
				PRODUCT_NAME = "$(TARGET_NAME)";
				TARGETED_DEVICE_FAMILY = "1,2";
				TEST_TARGET_NAME = AnimationTransition;
			};
			name = Debug;
		};
		102829DD21421A4600F6F0A9 /* Release */ = {
			isa = XCBuildConfiguration;
			buildSettings = {
				CODE_SIGN_STYLE = Automatic;
				INFOPLIST_FILE = AnimationTransitionUITests/Info.plist;
				LD_RUNPATH_SEARCH_PATHS = "$(inherited) @executable_path/Frameworks @loader_path/Frameworks";
				PRODUCT_BUNDLE_IDENTIFIER = abc.AnimationTransitionUITests;
				PRODUCT_NAME = "$(TARGET_NAME)";
				TARGETED_DEVICE_FAMILY = "1,2";
				TEST_TARGET_NAME = AnimationTransition;
			};
			name = Release;
		};
/* End XCBuildConfiguration section */

/* Begin XCConfigurationList section */
		1023C1842140C51F00DF2303 /* Build configuration list for PBXProject "TestNavigationTransition" */ = {
			isa = XCConfigurationList;
			buildConfigurations = (
				1023C1B32140C51F00DF2303 /* Debug */,
				1023C1B42140C51F00DF2303 /* Release */,
			);
			defaultConfigurationIsVisible = 0;
			defaultConfigurationName = Release;
		};
		1023C1B52140C51F00DF2303 /* Build configuration list for PBXNativeTarget "TestNavigationTransition" */ = {
			isa = XCConfigurationList;
			buildConfigurations = (
				1023C1B62140C51F00DF2303 /* Debug */,
				1023C1B72140C51F00DF2303 /* Release */,
			);
			defaultConfigurationIsVisible = 0;
			defaultConfigurationName = Release;
		};
		1023C1B82140C51F00DF2303 /* Build configuration list for PBXNativeTarget "TestNavigationTransitionTests" */ = {
			isa = XCConfigurationList;
			buildConfigurations = (
				1023C1B92140C51F00DF2303 /* Debug */,
				1023C1BA2140C51F00DF2303 /* Release */,
			);
			defaultConfigurationIsVisible = 0;
			defaultConfigurationName = Release;
		};
		1023C1BB2140C52000DF2303 /* Build configuration list for PBXNativeTarget "TestNavigationTransitionUITests" */ = {
			isa = XCConfigurationList;
			buildConfigurations = (
				1023C1BC2140C52000DF2303 /* Debug */,
				1023C1BD2140C52000DF2303 /* Release */,
			);
			defaultConfigurationIsVisible = 0;
			defaultConfigurationName = Release;
		};
		102829DE21421A4600F6F0A9 /* Build configuration list for PBXNativeTarget "AnimationTransition" */ = {
			isa = XCConfigurationList;
			buildConfigurations = (
				102829D821421A4600F6F0A9 /* Debug */,
				102829D921421A4600F6F0A9 /* Release */,
			);
			defaultConfigurationIsVisible = 0;
			defaultConfigurationName = Release;
		};
		102829DF21421A4600F6F0A9 /* Build configuration list for PBXNativeTarget "AnimationTransitionTests" */ = {
			isa = XCConfigurationList;
			buildConfigurations = (
				102829DA21421A4600F6F0A9 /* Debug */,
				102829DB21421A4600F6F0A9 /* Release */,
			);
			defaultConfigurationIsVisible = 0;
			defaultConfigurationName = Release;
		};
		102829E021421A4600F6F0A9 /* Build configuration list for PBXNativeTarget "AnimationTransitionUITests" */ = {
			isa = XCConfigurationList;
			buildConfigurations = (
				102829DC21421A4600F6F0A9 /* Debug */,
				102829DD21421A4600F6F0A9 /* Release */,
			);
			defaultConfigurationIsVisible = 0;
			defaultConfigurationName = Release;
		};
/* End XCConfigurationList section */
	};
	rootObject = 1023C1812140C51F00DF2303 /* Project object */;
}
